
Microsoft Visual Studio Solution File, Format Version 12.00
# Visual Studio Version 16
VisualStudioVersion = 16.0.31205.134
MinimumVisualStudioVersion = 10.0.40219.1
Project("{2150E333-8FDC-42A3-9474-1A3956D46DE8}") = "src", "src", "{DF7AD51B-BC2D-4D75-8579-980EE1236AE3}"
EndProject
Project("{2150E333-8FDC-42A3-9474-1A3956D46DE8}") = "Services", "Services", "{FC1EA890-C7B9-4EC7-9018-DFEFE85BB703}"
EndProject
Project("{2150E333-8FDC-42A3-9474-1A3956D46DE8}") = "Basket", "Basket", "{49352F14-ECDB-46A8-8789-16979AFD16F3}"
EndProject
Project("{2150E333-8FDC-42A3-9474-1A3956D46DE8}") = "Product", "Product", "{C5D67444-7162-44B2-AC79-B590A9BFEBAF}"
EndProject
Project("{2150E333-8FDC-42A3-9474-1A3956D46DE8}") = "Common", "Common", "{DBE5AC11-97C4-4F43-B91C-37F235F47D52}"
EndProject
Project("{9A19103F-16F7-4668-BE54-9A1E7A4F7556}") = "BasketMicroservice", "src\Services\Basket\BasketMicroservice\BasketMicroservice.csproj", "{3F5DFEE5-F397-40BC-90B9-023C629DD020}"
EndProject
Project("{9A19103F-16F7-4668-BE54-9A1E7A4F7556}") = "ProductMicroservice", "src\Services\Product\ProductMicroservice\ProductMicroservice.csproj", "{39FF4534-F4EF-4E5C-AAB6-4F5E0C590C25}"
EndProject
Project("{9A19103F-16F7-4668-BE54-9A1E7A4F7556}") = "Center.Core", "src\Common\Center.Core\Center.Core.csproj", "{297D9C6E-E171-4A39-BCB3-E47070882557}"
EndProject
Project("{2150E333-8FDC-42A3-9474-1A3956D46DE8}") = "Logging", "Logging", "{6CD755FA-07F5-42C5-9CE3-7DD1C1ACC28F}"
EndProject
Project("{FAE04EC0-301F-11D3-BF4B-00C04F79EFBC}") = "LoggerMicroservice", "src\Services\Logging\LoggerMicroservice\LoggerMicroservice.csproj", "{58CFF25D-E725-420B-8F9D-B43E331C52B1}"
EndProject
Project("{2150E333-8FDC-42A3-9474-1A3956D46DE8}") = "Payment", "Payment", "{F1ABB6DB-C7DE-43D3-916E-5218D746A596}"
EndProject
Project("{FAE04EC0-301F-11D3-BF4B-00C04F79EFBC}") = "PaymentMicroservice", "src\Services\Payment\PaymentMicroservice\PaymentMicroservice.csproj", "{DE6B1979-055C-4086-B78A-9FE43666ADA2}"
EndProject
Global
	GlobalSection(SolutionConfigurationPlatforms) = preSolution
		Debug|Any CPU = Debug|Any CPU
		Release|Any CPU = Release|Any CPU
	EndGlobalSection
	GlobalSection(ProjectConfigurationPlatforms) = postSolution
		{3F5DFEE5-F397-40BC-90B9-023C629DD020}.Debug|Any CPU.ActiveCfg = Debug|Any CPU
		{3F5DFEE5-F397-40BC-90B9-023C629DD020}.Debug|Any CPU.Build.0 = Debug|Any CPU
		{3F5DFEE5-F397-40BC-90B9-023C629DD020}.Release|Any CPU.ActiveCfg = Release|Any CPU
		{3F5DFEE5-F397-40BC-90B9-023C629DD020}.Release|Any CPU.Build.0 = Release|Any CPU
		{39FF4534-F4EF-4E5C-AAB6-4F5E0C590C25}.Debug|Any CPU.ActiveCfg = Debug|Any CPU
		{39FF4534-F4EF-4E5C-AAB6-4F5E0C590C25}.Debug|Any CPU.Build.0 = Debug|Any CPU
		{39FF4534-F4EF-4E5C-AAB6-4F5E0C590C25}.Release|Any CPU.ActiveCfg = Release|Any CPU
		{39FF4534-F4EF-4E5C-AAB6-4F5E0C590C25}.Release|Any CPU.Build.0 = Release|Any CPU
		{297D9C6E-E171-4A39-BCB3-E47070882557}.Debug|Any CPU.ActiveCfg = Debug|Any CPU
		{297D9C6E-E171-4A39-BCB3-E47070882557}.Debug|Any CPU.Build.0 = Debug|Any CPU
		{297D9C6E-E171-4A39-BCB3-E47070882557}.Release|Any CPU.ActiveCfg = Release|Any CPU
		{297D9C6E-E171-4A39-BCB3-E47070882557}.Release|Any CPU.Build.0 = Release|Any CPU
		{58CFF25D-E725-420B-8F9D-B43E331C52B1}.Debug|Any CPU.ActiveCfg = Debug|Any CPU
		{58CFF25D-E725-420B-8F9D-B43E331C52B1}.Debug|Any CPU.Build.0 = Debug|Any CPU
		{58CFF25D-E725-420B-8F9D-B43E331C52B1}.Release|Any CPU.ActiveCfg = Release|Any CPU
		{58CFF25D-E725-420B-8F9D-B43E331C52B1}.Release|Any CPU.Build.0 = Release|Any CPU
		{DE6B1979-055C-4086-B78A-9FE43666ADA2}.Debug|Any CPU.ActiveCfg = Debug|Any CPU
		{DE6B1979-055C-4086-B78A-9FE43666ADA2}.Debug|Any CPU.Build.0 = Debug|Any CPU
		{DE6B1979-055C-4086-B78A-9FE43666ADA2}.Release|Any CPU.ActiveCfg = Release|Any CPU
		{DE6B1979-055C-4086-B78A-9FE43666ADA2}.Release|Any CPU.Build.0 = Release|Any CPU
	EndGlobalSection
	GlobalSection(SolutionProperties) = preSolution
		HideSolutionNode = FALSE
	EndGlobalSection
	GlobalSection(NestedProjects) = preSolution
		{FC1EA890-C7B9-4EC7-9018-DFEFE85BB703} = {DF7AD51B-BC2D-4D75-8579-980EE1236AE3}
		{49352F14-ECDB-46A8-8789-16979AFD16F3} = {FC1EA890-C7B9-4EC7-9018-DFEFE85BB703}
		{C5D67444-7162-44B2-AC79-B590A9BFEBAF} = {FC1EA890-C7B9-4EC7-9018-DFEFE85BB703}
		{DBE5AC11-97C4-4F43-B91C-37F235F47D52} = {DF7AD51B-BC2D-4D75-8579-980EE1236AE3}
		{3F5DFEE5-F397-40BC-90B9-023C629DD020} = {49352F14-ECDB-46A8-8789-16979AFD16F3}
		{39FF4534-F4EF-4E5C-AAB6-4F5E0C590C25} = {C5D67444-7162-44B2-AC79-B590A9BFEBAF}
		{297D9C6E-E171-4A39-BCB3-E47070882557} = {DBE5AC11-97C4-4F43-B91C-37F235F47D52}
		{6CD755FA-07F5-42C5-9CE3-7DD1C1ACC28F} = {FC1EA890-C7B9-4EC7-9018-DFEFE85BB703}
		{58CFF25D-E725-420B-8F9D-B43E331C52B1} = {6CD755FA-07F5-42C5-9CE3-7DD1C1ACC28F}
		{F1ABB6DB-C7DE-43D3-916E-5218D746A596} = {FC1EA890-C7B9-4EC7-9018-DFEFE85BB703}
		{DE6B1979-055C-4086-B78A-9FE43666ADA2} = {F1ABB6DB-C7DE-43D3-916E-5218D746A596}
	EndGlobalSection
	GlobalSection(ExtensibilityGlobals) = postSolution
		SolutionGuid = {CB63E6C2-686A-4C37-8E58-98BB52D24CD8}
	EndGlobalSection
EndGlobal
